
Microsoft Visual Studio Solution File, Format Version 12.00
# Visual Studio Version 16
VisualStudioVersion = 16.0.31019.35
MinimumVisualStudioVersion = 10.0.40219.1
Project("{FAE04EC0-301F-11D3-BF4B-00C04F79EFBC}") = "Project.Android", "Project.Android\Project.Android.csproj", "{B2D51954-4221-4BBE-A7A2-8C7D1120C413}"
EndProject
Project("{9A19103F-16F7-4668-BE54-9A1E7A4F7556}") = "Project", "Project\Project.csproj", "{4D3FF298-A9FE-4069-8675-906F91F38D99}"
EndProject
Global
	GlobalSection(SolutionConfigurationPlatforms) = preSolution
		Debug|Any CPU = Debug|Any CPU
		Release|Any CPU = Release|Any CPU
	EndGlobalSection
	GlobalSection(ProjectConfigurationPlatforms) = postSolution
		{B2D51954-4221-4BBE-A7A2-8C7D1120C413}.Debug|Any CPU.ActiveCfg = Debug|Any CPU
		{B2D51954-4221-4BBE-A7A2-8C7D1120C413}.Debug|Any CPU.Build.0 = Debug|Any CPU
		{B2D51954-4221-4BBE-A7A2-8C7D1120C413}.Debug|Any CPU.Deploy.0 = Debug|Any CPU
		{B2D51954-4221-4BBE-A7A2-8C7D1120C413}.Release|Any CPU.ActiveCfg = Release|Any CPU
		{B2D51954-4221-4BBE-A7A2-8C7D1120C413}.Release|Any CPU.Build.0 = Release|Any CPU
		{B2D51954-4221-4BBE-A7A2-8C7D1120C413}.Release|Any CPU.Deploy.0 = Release|Any CPU
		{4D3FF298-A9FE-4069-8675-906F91F38D99}.Debug|Any CPU.ActiveCfg = Debug|Any CPU
		{4D3FF298-A9FE-4069-8675-906F91F38D99}.Debug|Any CPU.Build.0 = Debug|Any CPU
		{4D3FF298-A9FE-4069-8675-906F91F38D99}.Debug|Any CPU.Deploy.0 = Debug|Any CPU
		{4D3FF298-A9FE-4069-8675-906F91F38D99}.Release|Any CPU.ActiveCfg = Release|Any CPU
		{4D3FF298-A9FE-4069-8675-906F91F38D99}.Release|Any CPU.Build.0 = Release|Any CPU
		{4D3FF298-A9FE-4069-8675-906F91F38D99}.Release|Any CPU.Deploy.0 = Release|Any CPU
	EndGlobalSection
	GlobalSection(SolutionProperties) = preSolution
		HideSolutionNode = FALSE
	EndGlobalSection
	GlobalSection(ExtensibilityGlobals) = postSolution
		SolutionGuid = {C897DD01-1367-4A70-96DE-08AF0295CE27}
	EndGlobalSection
EndGlobal
